{
  "version": 2,
  "dependencies": {
    "net10.0": {
      "mu88.Shared": {
        "type": "Direct",
        "requested": "[8.5.0, )",
        "resolved": "8.5.0",
        "contentHash": "hGMeR1bc3RKhRYSW1CrEsLgYvEU0lU1ScLHX74TZIQT3ma7CJ2ksm7WWwiR+LhulhMmb9MbHkRT/MNtfcy0RWw==",
        "dependencies": {
          "IDisposableAnalyzers": "4.0.8",
          "Meziantou.Analyzer": "3.0.266",
          "Microsoft.Extensions.Diagnostics.HealthChecks.Common": "10.10.0",
          "OpenTelemetry.Exporter.OpenTelemetryProtocol": "1.19.1",
          "OpenTelemetry.Extensions.Hosting": "1.19.1",
          "OpenTelemetry.Instrumentation.AspNetCore": "1.19.0",
          "OpenTelemetry.Instrumentation.EntityFrameworkCore": "1.0.0-beta.12",
          "OpenTelemetry.Instrumentation.Http": "1.19.0",
          "OpenTelemetry.Instrumentation.Process": "0.5.0-beta.7",
          "OpenTelemetry.Instrumentation.Runtime": "1.19.0",
          "StyleCop.Analyzers": "1.1.118"
        }
      },
      "FFmpeg.AutoGen.Abstractions": {
        "type": "Transitive",
        "resolved": "8.0.0",
        "contentHash": "XhNcFKxRGtGB8whLirsPaMEn1G4XfYOMQ5/GUvzA2BjqM5N004ZTUpIMNrVMraG/btVhOW0RnMK/k8ln93HcqQ=="
      },
      "FFmpeg.AutoGen.Bindings.DynamicallyLoaded": {
        "type": "Transitive",
        "resolved": "8.0.0",
        "contentHash": "jTnRN2wsE/0vxWT52g/8VBvw+TEQF+NaveaCNeiDs20Jm6O+fqPKfJndRCdVq35t9im2LdCThOReLJreZ475xw==",
        "dependencies": {
          "FFmpeg.AutoGen.Abstractions": "8.0.0"
        }
      },
      "IDisposableAnalyzers": {
        "type": "Transitive",
        "resolved": "4.0.8",
        "contentHash": "vNi4NMG0CcJyjXxiNDcQ21FwV/whM9o9OEZKD+oP7tuxAqFEzX/x5OhC3OZJqW/w+8GOtCmJPBquYgMWgz0rfQ=="
      },
      "Instances": {
        "type": "Transitive",
        "resolved": "3.1.0",
        "contentHash": "YgWADSkh/WWIbluWAqjb6YMr3YkGETlsCLnd6gELHNAJfNY6pmqMRJNjONm7cyU78BNIJxd6kJ9bpAIvno++vw=="
      },
      "Meziantou.Analyzer": {
        "type": "Transitive",
        "resolved": "3.0.266",
        "contentHash": "IA1m/Dvud0eJNMcC+pTDNVdaLPs4QMhRBMAVjQZnTdWwTDUDIJO/JvfAZpRULgi0hoAHlXQVkPRtLokNvRcaiQ=="
      },
      "Microsoft.Bcl.AsyncInterfaces": {
        "type": "Transitive",
        "resolved": "10.0.0",
        "contentHash": "vFuwSLj9QJBbNR0NeNO4YVASUbokxs+i/xbuu8B+Fs4FAZg5QaFa6eGrMaRqTzzNI5tAb97T7BhSxtLckFyiRA=="
      },
      "Microsoft.Extensions.Compliance.Abstractions": {
        "type": "Transitive",
        "resolved": "10.10.0",
        "contentHash": "Sh3ujDRJpCMNY4x+43ljCROt4qBOoWfsL8l816RPYZS1S+Tw277r5002rbB15Sh6hFcCT8mGYBO7NtpfSYrQ0Q=="
      },
      "Microsoft.Extensions.Diagnostics.HealthChecks.Common": {
        "type": "Transitive",
        "resolved": "10.10.0",
        "contentHash": "97obD8cZrodFXUiL4JlCLFy/0wkXW/+dNlPYNRTTdh57acIf9OAVmOr1X5ZjcMWn0U6SYONi20G0FEBogiVjbg==",
        "dependencies": {
          "Microsoft.Extensions.Telemetry.Abstractions": "10.10.0"
        }
      },
      "Microsoft.Extensions.Telemetry.Abstractions": {
        "type": "Transitive",
        "resolved": "10.10.0",
        "contentHash": "I76SAZ95I5lYh4whVZvLpKhpvHI1o21FfGqiASU85GtIVA4ULv+TVIE5+swKhnC63+xI4XjCcIWa9LbyR3pFNw==",
        "dependencies": {
          "Microsoft.Extensions.Compliance.Abstractions": "10.10.0"
        }
      },
      "Microsoft.IO.RecyclableMemoryStream": {
        "type": "Transitive",
        "resolved": "3.0.1",
        "contentHash": "s/s20YTVY9r9TPfTrN5g8zPF1YhwxyqO6PxUkrYTGI2B+OGPe9AdajWZrLhFqXIvqIW23fnUE4+ztrUWNU1+9g=="
      },
      "Microsoft.NETCore.Platforms": {
        "type": "Transitive",
        "resolved": "2.1.0",
        "contentHash": "ok+RPAtESz/9MUXeIEz6Lv5XAGQsaNmEYXMsgVALj4D7kqC8gveKWXWXbufLySR2fWrwZf8smyN5RmHu0e4BHA=="
      },
      "OpenTelemetry": {
        "type": "Transitive",
        "resolved": "1.19.1",
        "contentHash": "6ywhc3upf+dq8EsOohj7I7zS3l4yX9vfbtFkvyEC8xIUY4Z9iDIOVuke356eCAzIZaWtmwmmyl2UXYCp5n7I3Q==",
        "dependencies": {
          "OpenTelemetry.Api.ProviderBuilderExtensions": "1.19.1"
        }
      },
      "OpenTelemetry.Api": {
        "type": "Transitive",
        "resolved": "1.19.1",
        "contentHash": "9JKIH+xrV0HNTFjQC8zrx9gZpDOMEljN5Htg/U0VE2IvO3N+7bKALCCsGy5tp09marX5dd8UkrgQFoLaulIBRw=="
      },
      "OpenTelemetry.Api.ProviderBuilderExtensions": {
        "type": "Transitive",
        "resolved": "1.19.1",
        "contentHash": "HtGe72B/IhzKqdU0a3fNE5osax/Cegwxd+p4u6lOFy20nsgmeaFuP2NRyFs1WvrOv/bpkII3IvvBkKoZXG8BLg==",
        "dependencies": {
          "OpenTelemetry.Api": "1.19.1"
        }
      },
      "OpenTelemetry.Exporter.OpenTelemetryProtocol": {
        "type": "Transitive",
        "resolved": "1.19.1",
        "contentHash": "vsYYOBf/KxNubnuoja8pjJ9LG0zCC9HAYPay+R6N5ZKZMbhNdKWbaq6JZqJqTvK+55rudiqErJySekf9ql8okA==",
        "dependencies": {
          "OpenTelemetry": "1.19.1"
        }
      },
      "OpenTelemetry.Extensions.Hosting": {
        "type": "Transitive",
        "resolved": "1.19.1",
        "contentHash": "3qqZfVmW8mKA2/fRwI83o8z+yZd33KbEqRlXrlX0+3e/U7i+z0MQiCr0L3Axxa0jGdiylIrpWX4DIT9nAbJ00A==",
        "dependencies": {
          "OpenTelemetry": "1.19.1"
        }
      },
      "OpenTelemetry.Instrumentation.AspNetCore": {
        "type": "Transitive",
        "resolved": "1.19.0",
        "contentHash": "reypo7g0Nzyssg1EkbfWU6W58CVFgtgkSEGrFXtbpA+bNit7HUs7587DOkOdPCgqWr3IL4f6X9B2yhnU6POrFA==",
        "dependencies": {
          "OpenTelemetry.Api.ProviderBuilderExtensions": "[1.19.0, 2.0.0)"
        }
      },
      "OpenTelemetry.Instrumentation.EntityFrameworkCore": {
        "type": "Transitive",
        "resolved": "1.0.0-beta.12",
        "contentHash": "L/wZDi3MXyL2OsaxykjNovTgNhGq0kVtWNcCoqzOctxYMnCUGAQHYA9XwZGpad1vnnFxHOcN3oW4qFAQuYpKUA==",
        "dependencies": {
          "OpenTelemetry.Api.ProviderBuilderExtensions": "[1.9.0, 2.0.0)"
        }
      },
      "OpenTelemetry.Instrumentation.Http": {
        "type": "Transitive",
        "resolved": "1.19.0",
        "contentHash": "+egJpWBRfYP3ldfexV2bmJyzOWkkOPVYikw/vUEtbUvf2exJfY3RGInXrYlubhBIH6rmNEn6sI/FmqenZJwkjw==",
        "dependencies": {
          "OpenTelemetry.Api.ProviderBuilderExtensions": "[1.19.0, 2.0.0)"
        }
      },
      "OpenTelemetry.Instrumentation.Process": {
        "type": "Transitive",
        "resolved": "0.5.0-beta.7",
        "contentHash": "v+g5CPU/sJhyc1FTOgTaQTwvrQXquSxdndF+E3fS8SXYPLVAa2INHa8jqCFKvYp1rO+yaVizRw1gCOaDJJzauA==",
        "dependencies": {
          "OpenTelemetry.Api": "[1.9.0, 2.0.0)"
        }
      },
      "OpenTelemetry.Instrumentation.Runtime": {
        "type": "Transitive",
        "resolved": "1.19.0",
        "contentHash": "VIH2tQ2h31j4wQyZ9Utk8ZXIyj7Z1j0xIiyPRGjYu1MmZjJtpxRh0Y/NnB6fEBimNg/WrX0jDyfMeEjPQqmaMA==",
        "dependencies": {
          "OpenTelemetry.Api": "[1.19.0, 2.0.0)"
        }
      },
      "protobuf-net": {
        "type": "Transitive",
        "resolved": "2.4.6",
        "contentHash": "fDYwwGw9yCERTkIzxhmiGmD3i5nB5Pw4roZ9Pi+MPNbNiNbGAA9mVrSSbTjAMNQEBXtwK/HZ6btrO2YwYsVsMw==",
        "dependencies": {
          "System.ServiceModel.Primitives": "4.5.3"
        }
      },
      "StyleCop.Analyzers": {
        "type": "Transitive",
        "resolved": "1.1.118",
        "contentHash": "Onx6ovGSqXSK07n/0eM3ZusiNdB6cIlJdabQhWGgJp3Vooy9AaLS/tigeybOJAobqbtggTamoWndz72JscZBvw=="
      },
      "System.ComponentModel.Annotations": {
        "type": "Transitive",
        "resolved": "5.0.0",
        "contentHash": "dMkqfy2el8A8/I76n2Hi1oBFEbG1SfxD2l5nhwXV3XjlnOmwxJlQbYpJH4W51odnU9sARCSAgv7S3CyAFMkpYg=="
      },
      "System.Private.ServiceModel": {
        "type": "Transitive",
        "resolved": "4.5.3",
        "contentHash": "ancrQgJagx+yC4SZbuE+eShiEAUIF0E1d21TRSoy1C/rTwafAVcBr/fKibkq5TQzyy9uNil2tx2/iaUxsy0S9g==",
        "dependencies": {
          "Microsoft.NETCore.Platforms": "2.1.0"
        }
      },
      "System.ServiceModel.Primitives": {
        "type": "Transitive",
        "resolved": "4.5.3",
        "contentHash": "Wc9Hgg4Cmqi416zvEgq2sW1YYCGuhwWzspDclJWlFZqY6EGhFUPZU+kVpl5z9kAgrSOQP7/Uiik+PtSQtmq+5A==",
        "dependencies": {
          "System.Private.ServiceModel": "4.5.3"
        }
      },
      "podscrub.application": {
        "type": "Project",
        "dependencies": {
          "PodScrub.Domain": "[1.0.0, )"
        }
      },
      "podscrub.domain": {
        "type": "Project"
      },
      "podscrub.infrastructure": {
        "type": "Project",
        "dependencies": {
          "CodeHollow.FeedReader": "[1.2.6, )",
          "FFMpegCore": "[5.5.0, )",
          "PodScrub.Domain": "[1.0.0, )",
          "SoundFingerprinting": "[15.13.0, )",
          "SoundFingerprinting.Emy": "[15.13.0, )"
        }
      },
      "CodeHollow.FeedReader": {
        "type": "CentralTransitive",
        "requested": "[1.2.6, )",
        "resolved": "1.2.6",
        "contentHash": "KpnP1zlX5zk58PUrREYUXC/7gk8ljjS8mkPfmFeuofaJlHJm62990cZdWLiMBuwWhV/HA6NAu9Ck5uM7GOJl0A=="
      },
      "FFMpegCore": {
        "type": "CentralTransitive",
        "requested": "[5.5.0, )",
        "resolved": "5.5.0",
        "contentHash": "KVqajQUb9W7IysZGw05SwQURARyNoEIs798kIbkTDX7LfWgoivejtvsui0yJv0HLHH1tQiMiSWSW4eMR5zFUvw==",
        "dependencies": {
          "Instances": "3.1.0"
        }
      },
      "SoundFingerprinting": {
        "type": "CentralTransitive",
        "requested": "[15.13.0, )",
        "resolved": "15.13.0",
        "contentHash": "KHqp5qlpCt4I/Fsa3UYeU+afKdkXd1ZDBX5LHe1JW8HiBS3BPnlRejk35ocyvKWPQ24O6ECW5I/0zFb0SYKEJA==",
        "dependencies": {
          "Microsoft.Bcl.AsyncInterfaces": "10.0.0",
          "protobuf-net": "2.4.6"
        }
      },
      "SoundFingerprinting.Emy": {
        "type": "CentralTransitive",
        "requested": "[15.13.0, )",
        "resolved": "15.13.0",
        "contentHash": "4h3+PPdxG2Cq9Z8+w7KbedoMnQ6MV7cYqlgexwH6jpNOu6DlraTQ0t6cSuKNXQ0indUpRUDd7imFUvPwBnMCwA==",
        "dependencies": {
          "FFmpeg.AutoGen.Bindings.DynamicallyLoaded": "8.0.0",
          "Microsoft.IO.RecyclableMemoryStream": "3.0.1",
          "SoundFingerprinting": "15.13.0",
          "System.ComponentModel.Annotations": "5.0.0"
        }
      }
    },
    "net10.0/linux-arm64": {
      "System.Private.ServiceModel": {
        "type": "Transitive",
        "resolved": "4.5.3",
        "contentHash": "ancrQgJagx+yC4SZbuE+eShiEAUIF0E1d21TRSoy1C/rTwafAVcBr/fKibkq5TQzyy9uNil2tx2/iaUxsy0S9g==",
        "dependencies": {
          "Microsoft.NETCore.Platforms": "2.1.0"
        }
      }
    },
    "net10.0/linux-x64": {
      "System.Private.ServiceModel": {
        "type": "Transitive",
        "resolved": "4.5.3",
        "contentHash": "ancrQgJagx+yC4SZbuE+eShiEAUIF0E1d21TRSoy1C/rTwafAVcBr/fKibkq5TQzyy9uNil2tx2/iaUxsy0S9g==",
        "dependencies": {
          "Microsoft.NETCore.Platforms": "2.1.0"
        }
      }
    }
  }
}